// !$*UTF8*$!
{
	archiveVersion = 1;
	classes = {
	};
	objectVersion = 46;
	objects = {
/* Begin PBXBuildFile section */
		0207DA581B56EA530066E2B4 /* Images.xcassets in Resources */ = {isa = PBXBuildFile; fileRef = 0207DA571B56EA530066E2B4 /* Images.xcassets */; };
		1D3623260D0F684500981E51 /* AppDelegate.m in Sources */ = {isa = PBXBuildFile; fileRef = 1D3623250D0F684500981E51 /* AppDelegate.m */; };
		1D60589B0D05DD56006BFB54 /* main.m in Sources */ = {isa = PBXBuildFile; fileRef = 29B97316FDCFA39411CA2CEA /* main.m */; };
		301BF552109A68D80062928A /* libCordova.a in Frameworks */ = {isa = PBXBuildFile; fileRef = 301BF535109A57CC0062928A /* libCordova.a */; };
		302D95F114D2391D003F00A1 /* MainViewController.m in Sources */ = {isa = PBXBuildFile; fileRef = 302D95EF14D2391D003F00A1 /* MainViewController.m */; };
		302D95F214D2391D003F00A1 /* MainViewController.xib in Resources */ = {isa = PBXBuildFile; fileRef = 302D95F014D2391D003F00A1 /* MainViewController.xib */; };
		3047A5121AB8059700498E2A /* build-debug.xcconfig in Resources */ = {isa = PBXBuildFile; fileRef = 3047A50F1AB8059700498E2A /* build-debug.xcconfig */; };
		3047A5131AB8059700498E2A /* build-release.xcconfig in Resources */ = {isa = PBXBuildFile; fileRef = 3047A5101AB8059700498E2A /* build-release.xcconfig */; };
		3047A5141AB8059700498E2A /* build.xcconfig in Resources */ = {isa = PBXBuildFile; fileRef = 3047A5111AB8059700498E2A /* build.xcconfig */; };
		6AFF5BF91D6E424B00AB3073 /* CDVLaunchScreen.storyboard in Resources */ = {isa = PBXBuildFile; fileRef = 6AFF5BF81D6E424B00AB3073 /* CDVLaunchScreen.storyboard */; };
		A9767644B3D94F20BED16B13 /* CDVDevice.m in Sources */ = {isa = PBXBuildFile; fileRef = C27CF4B460C84D779582FF2E /* CDVDevice.m */; };
		9B3D32634711489D849B23EA /* libz.tbd in Frameworks */ = {isa = PBXBuildFile; fileRef = 4167837644B74BB3B303C20F /* libz.tbd */; };
		6D7E0C97859945E284B06BF0 /* FacebookConnectPlugin.m in Sources */ = {isa = PBXBuildFile; fileRef = 02FAFD1CCCC443A2965DC693 /* FacebookConnectPlugin.m */; };
		9A3458CD2A554974A0F48AAB /* Bolts.framework in Frameworks */ = {isa = PBXBuildFile; fileRef = 1B7BC54A44C44CC3A8D623E6 /* Bolts.framework */; };
		6B5B83C4CEF24F0F9C79B375 /* FBSDKCoreKit.framework in Frameworks */ = {isa = PBXBuildFile; fileRef = ECA2F0C9D8184A0B90698941 /* FBSDKCoreKit.framework */; };
		8D0FB456382E4BAB8E14A86E /* FBSDKLoginKit.framework in Frameworks */ = {isa = PBXBuildFile; fileRef = CFB44F065D8E4155970702A3 /* FBSDKLoginKit.framework */; };
		8B38488081054DED9CE78D7F /* FBSDKShareKit.framework in Frameworks */ = {isa = PBXBuildFile; fileRef = 6B4BB858E6014485AA72DD77 /* FBSDKShareKit.framework */; };
		A0FEF698BBC946A590CB6133 /* GooglePlus.m in Sources */ = {isa = PBXBuildFile; fileRef = ED9D2B28C952450796B9711D /* GooglePlus.m */; };
		D8A36ACA896C4F0DACB94E84 /* GoogleAppUtilities.framework in Frameworks */ = {isa = PBXBuildFile; fileRef = 85C1201CA2794DDDAEE4BB54 /* GoogleAppUtilities.framework */; };
		DFBC66B36E2743B6B2412A70 /* GoogleAuthUtilities.framework in Frameworks */ = {isa = PBXBuildFile; fileRef = 7FA1722EE8C348558B7D7C03 /* GoogleAuthUtilities.framework */; };
		CBA4E504C8E94FF2A6F1567C /* GoogleNetworkingUtilities.framework in Frameworks */ = {isa = PBXBuildFile; fileRef = 16505D048E4147A19380EC56 /* GoogleNetworkingUtilities.framework */; };
		D7270F1743734AE28A5CE100 /* GoogleSignIn.framework in Frameworks */ = {isa = PBXBuildFile; fileRef = 667B74AC3B6B4AC5802032B9 /* GoogleSignIn.framework */; };
		E16A65C675354CCD80C0ABE6 /* GoogleSymbolUtilities.framework in Frameworks */ = {isa = PBXBuildFile; fileRef = 01A07795A28D4FCAAB3CA0A7 /* GoogleSymbolUtilities.framework */; };
		19BB127A6DF8448EB88EE494 /* GoogleUtilities.framework in Frameworks */ = {isa = PBXBuildFile; fileRef = C86AE200858142B897EE86C8 /* GoogleUtilities.framework */; };
		ECB4205CA6F240DFADD02548 /* AddressBook.framework in Frameworks */ = {isa = PBXBuildFile; fileRef = 20A9C86BB10D41E894D7A84E /* AddressBook.framework */; settings = {ATTRIBUTES = (Weak, ); }; };
		E9BF9E9C71D24B9B9DBE2D99 /* CoreText.framework in Frameworks */ = {isa = PBXBuildFile; fileRef = A4B55A3D5D7C49769C75EFBE /* CoreText.framework */; settings = {ATTRIBUTES = (Weak, ); }; };
		7CFBB4524A9B4F5DAB9B571E /* SafariServices.framework in Frameworks */ = {isa = PBXBuildFile; fileRef = 26D59058DD7249418036F5DB /* SafariServices.framework */; settings = {ATTRIBUTES = (Weak, ); }; };
		8DE92CEFF4964AB298E40D47 /* Security.framework in Frameworks */ = {isa = PBXBuildFile; fileRef = 1B75C25816F24762B6172098 /* Security.framework */; settings = {ATTRIBUTES = (Weak, ); }; };
		6E59A2B4067C48ED9E2D4856 /* SystemConfiguration.framework in Frameworks */ = {isa = PBXBuildFile; fileRef = 1D306EF0666E4EA499BB5F2F /* SystemConfiguration.framework */; settings = {ATTRIBUTES = (Weak, ); }; };
		2E79FE4093FB4A6A93DC4475 /* libz.dylib in Frameworks */ = {isa = PBXBuildFile; fileRef = 1AD3C068BFEE42689EBB507F /* libz.dylib */; settings = {ATTRIBUTES = (Weak, ); }; };
		AC054B2C07AB44CEAD906D5F /* CDVIonicKeyboard.m in Sources */ = {isa = PBXBuildFile; fileRef = 5B754E36E2B44EF588E15A01 /* CDVIonicKeyboard.m */; };
		F319A9D6BA0C40AABD544BC3 /* CDVWKWebViewEngine.m in Sources */ = {isa = PBXBuildFile; fileRef = CCC6BF2C02A94303ABBB850C /* CDVWKWebViewEngine.m */; };
		4726096754344CCBBAB2E9ED /* CDVWKWebViewUIDelegate.m in Sources */ = {isa = PBXBuildFile; fileRef = 8E3EBF43D03D4A04821D6616 /* CDVWKWebViewUIDelegate.m */; };
		166C541DEC9840B99D37E9FD /* CDVWKProcessPoolFactory.m in Sources */ = {isa = PBXBuildFile; fileRef = E4D3DCF6E8B84441BE908FF9 /* CDVWKProcessPoolFactory.m */; };
		4A1FE278923F475084D7CCCD /* GCDWebServer.m in Sources */ = {isa = PBXBuildFile; fileRef = 2BBD174D4E534625A9973CBE /* GCDWebServer.m */; };
		207411FE57414ED69BEED522 /* GCDWebServerConnection.m in Sources */ = {isa = PBXBuildFile; fileRef = 011BF86C77C5476C820016F8 /* GCDWebServerConnection.m */; };
		3ADDAE4900974BF3BFADD0E6 /* GCDWebServerFunctions.m in Sources */ = {isa = PBXBuildFile; fileRef = B415D039137749D0819E1D7B /* GCDWebServerFunctions.m */; };
		34BD55F2265546C080832BD5 /* GCDWebServerRequest.m in Sources */ = {isa = PBXBuildFile; fileRef = 439DA795921C400789613FE5 /* GCDWebServerRequest.m */; };
		D4806A384B064A9CB8EDE2BA /* GCDWebServerResponse.m in Sources */ = {isa = PBXBuildFile; fileRef = 49D00FC7BBDC46C78CC5BCBD /* GCDWebServerResponse.m */; };
		D4E86FD27E1440DB936037A9 /* GCDWebServerDataRequest.m in Sources */ = {isa = PBXBuildFile; fileRef = 67EA3BA7470B45298CE0FD95 /* GCDWebServerDataRequest.m */; };
		D5E75BE597544F5383FBD201 /* GCDWebServerFileRequest.m in Sources */ = {isa = PBXBuildFile; fileRef = D6918156644842938540F976 /* GCDWebServerFileRequest.m */; };
		5A92565B1DC74FB5B2A54DF5 /* GCDWebServerMultiPartFormRequest.m in Sources */ = {isa = PBXBuildFile; fileRef = 358B4D55B24E46C38DBE712F /* GCDWebServerMultiPartFormRequest.m */; };
		AB67C709490943338BE16DBF /* GCDWebServerURLEncodedFormRequest.m in Sources */ = {isa = PBXBuildFile; fileRef = 8AD589CFAC184E08A3DC8FF2 /* GCDWebServerURLEncodedFormRequest.m */; };
		281B1BE85B7B4AD08AAEEA4F /* GCDWebServerDataResponse.m in Sources */ = {isa = PBXBuildFile; fileRef = F9CDAA8D89EA4D15AAE6FE3F /* GCDWebServerDataResponse.m */; };
		F7E5B2608F45490E99EE00A8 /* GCDWebServerErrorResponse.m in Sources */ = {isa = PBXBuildFile; fileRef = FB9E443B81C0476D9ED8AF87 /* GCDWebServerErrorResponse.m */; };
		4F603D9E82984642B697190A /* GCDWebServerFileResponse.m in Sources */ = {isa = PBXBuildFile; fileRef = DB507FC1E5D94341BDD67009 /* GCDWebServerFileResponse.m */; };
		D8F95158E5654C15B7784791 /* GCDWebServerStreamedResponse.m in Sources */ = {isa = PBXBuildFile; fileRef = 10F9CFEE67764CA2A0D5EE5B /* GCDWebServerStreamedResponse.m */; };
		3EAD2E2391684F5194C03DA3 /* WebKit.framework in Frameworks */ = {isa = PBXBuildFile; fileRef = 8AE02D6F1F2E409293BE6884 /* WebKit.framework */; settings = {ATTRIBUTES = (Weak, ); }; };
		F4B082A19D5048E2B2CEDBAE /* CDVConnection.m in Sources */ = {isa = PBXBuildFile; fileRef = 93B2CA50F52B40669EAED2B0 /* CDVConnection.m */; };
		7CA44F2A8F914470B21CFA87 /* CDVReachability.m in Sources */ = {isa = PBXBuildFile; fileRef = DAA164BA2B5F4DEEBC989C4F /* CDVReachability.m */; };
		554B5CD0BCD24B9C86B8E08D /* CoreTelephony.framework in Frameworks */ = {isa = PBXBuildFile; fileRef = 977888C96DE24EBB9833E2BC /* CoreTelephony.framework */; };
		0DF44007B2214437B1FF53D6 /* CDVSplashScreen.m in Sources */ = {isa = PBXBuildFile; fileRef = C5D74D3F6FCF4F90A6E67A75 /* CDVSplashScreen.m */; };
		C0A242E43A4C49E49A7E8A57 /* CDVViewController+SplashScreen.m in Sources */ = {isa = PBXBuildFile; fileRef = 7DA51DF7918C45A6B6CAC8B6 /* CDVViewController+SplashScreen.m */; };
		674E1068D9724C36BDEBA7E2 /* CDVStatusBar.m in Sources */ = {isa = PBXBuildFile; fileRef = 439544C932574A0392AB314E /* CDVStatusBar.m */; };
		1411BBE5DD8A4F1FB0E663DA /* SQLitePlugin.m in Sources */ = {isa = PBXBuildFile; fileRef = 8FCFD03537F14D0993F22B66 /* SQLitePlugin.m */; };
		640285B6CA294C2B978498EA /* PSPDFThreadSafeMutableDictionary.m in Sources */ = {isa = PBXBuildFile; fileRef = 732643E93255458793B01A1A /* PSPDFThreadSafeMutableDictionary.m */; settings = {COMPILER_FLAGS = "-w"; }; };
		04D571DBD1F040C2A5AF3E76 /* sqlite3.c in Resources */ = {isa = PBXBuildFile; fileRef = 148E2F52D48F4DA082625470 /* sqlite3.c */; settings = {COMPILER_FLAGS = "-w -DSQLITE_THREADSAFE=1 -DSQLITE_DEFAULT_SYNCHRONOUS=3 -DSQLITE_DEFAULT_MEMSTATUS=0 -DSQLITE_OMIT_DECLTYPE -DSQLITE_OMIT_DEPRECATED -DSQLITE_OMIT_PROGRESS_CALLBACK -DSQLITE_OMIT_SHARED_CACHE -DSQLITE_TEMP_STORE=2 -DSQLITE_OMIT_LOAD_EXTENSION -DSQLITE_ENABLE_FTS3 -DSQLITE_ENABLE_FTS3_PARENTHESIS -DSQLITE_ENABLE_FTS4 -DSQLITE_ENABLE_RTREE -DSQLITE_DEFAULT_PAGE_SIZE=1024 -DSQLITE_DEFAULT_CACHE_SIZE=2000"; }; };
/* End PBXBuildFile section */

/* Begin PBXContainerItemProxy section */
		301BF534109A57CC0062928A /* PBXContainerItemProxy */ = {
			isa = PBXContainerItemProxy;
			containerPortal = 301BF52D109A57CC0062928A /* CordovaLib.xcodeproj */;
			proxyType = 2;
			remoteGlobalIDString = D2AAC07E0554694100DB518D;
			remoteInfo = CordovaLib;
		};
		301BF550109A68C00062928A /* PBXContainerItemProxy */ = {
			isa = PBXContainerItemProxy;
			containerPortal = 301BF52D109A57CC0062928A /* CordovaLib.xcodeproj */;
			proxyType = 1;
			remoteGlobalIDString = D2AAC07D0554694100DB518D;
			remoteInfo = CordovaLib;
		};
/* End PBXContainerItemProxy section */

/* Begin PBXFileReference section */
		0207DA571B56EA530066E2B4 /* Images.xcassets */ = {isa = PBXFileReference; lastKnownFileType = folder.assetcatalog; name = Images.xcassets; path = "cdm_client/Images.xcassets"; sourceTree = SOURCE_ROOT; };
		1D3623240D0F684500981E51 /* AppDelegate.h */ = {isa = PBXFileReference; fileEncoding = 4; lastKnownFileType = sourcecode.c.h; path = AppDelegate.h; sourceTree = "<group>"; };
		1D3623250D0F684500981E51 /* AppDelegate.m */ = {isa = PBXFileReference; fileEncoding = 4; lastKnownFileType = sourcecode.c.objc; path = AppDelegate.m; sourceTree = "<group>"; };
		1D6058910D05DD3D006BFB54 /* cdm_client.app */ = {isa = PBXFileReference; explicitFileType = wrapper.application; includeInIndex = 0; path = "cdm_client.app"; sourceTree = BUILT_PRODUCTS_DIR; };
		29B97316FDCFA39411CA2CEA /* main.m */ = {isa = PBXFileReference; fileEncoding = 4; lastKnownFileType = sourcecode.c.objc; path = main.m; sourceTree = "<group>"; };
		301BF52D109A57CC0062928A /* CordovaLib.xcodeproj */ = {isa = PBXFileReference; lastKnownFileType = "wrapper.pb-project"; name = CordovaLib.xcodeproj; path = CordovaLib/CordovaLib.xcodeproj; sourceTree = "<group>"; };
		301BF56E109A69640062928A /* www */ = {isa = PBXFileReference; lastKnownFileType = folder; path = www; sourceTree = SOURCE_ROOT; };
		302D95EE14D2391D003F00A1 /* MainViewController.h */ = {isa = PBXFileReference; fileEncoding = 4; lastKnownFileType = sourcecode.c.h; path = MainViewController.h; sourceTree = "<group>"; };
		302D95EF14D2391D003F00A1 /* MainViewController.m */ = {isa = PBXFileReference; fileEncoding = 4; lastKnownFileType = sourcecode.c.objc; path = MainViewController.m; sourceTree = "<group>"; };
		302D95F014D2391D003F00A1 /* MainViewController.xib */ = {isa = PBXFileReference; fileEncoding = 4; lastKnownFileType = file.xib; path = MainViewController.xib; sourceTree = "<group>"; };
		3047A50F1AB8059700498E2A /* build-debug.xcconfig */ = {isa = PBXFileReference; fileEncoding = 4; lastKnownFileType = text.xcconfig; name = "build-debug.xcconfig"; path = cordova/build-debug.xcconfig; sourceTree = SOURCE_ROOT; };
		3047A5101AB8059700498E2A /* build-release.xcconfig */ = {isa = PBXFileReference; fileEncoding = 4; lastKnownFileType = text.xcconfig; name = "build-release.xcconfig"; path = cordova/build-release.xcconfig; sourceTree = SOURCE_ROOT; };
		3047A5111AB8059700498E2A /* build.xcconfig */ = {isa = PBXFileReference; fileEncoding = 4; lastKnownFileType = text.xcconfig; name = build.xcconfig; path = cordova/build.xcconfig; sourceTree = SOURCE_ROOT; };
		32CA4F630368D1EE00C91783 /* cdm_client-Prefix.pch */ = {isa = PBXFileReference; fileEncoding = 4; lastKnownFileType = sourcecode.c.h; path = "cdm_client-Prefix.pch"; sourceTree = "<group>"; };
		6AFF5BF81D6E424B00AB3073 /* CDVLaunchScreen.storyboard */ = {isa = PBXFileReference; fileEncoding = 4; lastKnownFileType = file.storyboard; name = CDVLaunchScreen.storyboard; path = "cdm_client/CDVLaunchScreen.storyboard"; sourceTree = SOURCE_ROOT; };
		8D1107310486CEB800E47090 /* cdm_client-Info.plist */ = {isa = PBXFileReference; fileEncoding = 4; lastKnownFileType = text.plist.xml; name = "cdm_client-Info.plist"; path = "cdm_client/cdm_client-Info.plist"; plistStructureDefinitionIdentifier = "com.apple.xcode.plist.structure-definition.iphone.info-plist"; sourceTree = SOURCE_ROOT; };
		EB87FDF31871DA8E0020F90C /* www */ = {isa = PBXFileReference; lastKnownFileType = folder; name = www; path = ../../www; sourceTree = "<group>"; };
		EB87FDF41871DAF40020F90C /* config.xml */ = {isa = PBXFileReference; lastKnownFileType = text.xml; name = config.xml; path = ../../config.xml; sourceTree = "<group>"; };
		F840E1F0165FE0F500CFE078 /* config.xml */ = {isa = PBXFileReference; lastKnownFileType = text.xml; name = config.xml; path = "cdm_client/config.xml"; sourceTree = "<group>"; };
		ED33DF2A687741AEAF9F8254 /* Bridging-Header.h */ = {isa = PBXFileReference; fileEncoding = 4; lastKnownFileType = sourcecode.c.h; name = "Bridging-Header.h"; path = "Bridging-Header.h"; sourceTree = "<group>"; };
		C27CF4B460C84D779582FF2E /* CDVDevice.m */ = {isa = PBXFileReference; name = "CDVDevice.m"; path = "cordova-plugin-device/CDVDevice.m"; sourceTree = "<group>"; fileEncoding = 4; lastKnownFileType = sourcecode.c.objc; explicitFileType = undefined; includeInIndex = 0; };
		83380ED0F9F5421887235F1A /* CDVDevice.h */ = {isa = PBXFileReference; name = "CDVDevice.h"; path = "cordova-plugin-device/CDVDevice.h"; sourceTree = "<group>"; fileEncoding = 4; lastKnownFileType = sourcecode.c.h; explicitFileType = undefined; includeInIndex = 0; };
		4167837644B74BB3B303C20F /* libz.tbd */ = {isa = PBXFileReference; name = "libz.tbd"; path = "usr/lib/libz.tbd"; sourceTree = SDKROOT; fileEncoding = undefined; lastKnownFileType = sourcecode.text-based-dylib-definition; explicitFileType = undefined; includeInIndex = 0; };
		02FAFD1CCCC443A2965DC693 /* FacebookConnectPlugin.m */ = {isa = PBXFileReference; name = "FacebookConnectPlugin.m"; path = "cordova-plugin-facebook4/FacebookConnectPlugin.m"; sourceTree = "<group>"; fileEncoding = 4; lastKnownFileType = sourcecode.c.objc; explicitFileType = undefined; includeInIndex = 0; };
		F3C24FE16277479CAAA7CCE8 /* FacebookConnectPlugin.h */ = {isa = PBXFileReference; name = "FacebookConnectPlugin.h"; path = "cordova-plugin-facebook4/FacebookConnectPlugin.h"; sourceTree = "<group>"; fileEncoding = 4; lastKnownFileType = sourcecode.c.h; explicitFileType = undefined; includeInIndex = 0; };
		1B7BC54A44C44CC3A8D623E6 /* Bolts.framework */ = {isa = PBXFileReference; name = "Bolts.framework"; path = "cdm_client/Plugins/cordova-plugin-facebook4/Bolts.framework"; sourceTree = "<group>"; fileEncoding = undefined; lastKnownFileType = wrapper.framework; explicitFileType = undefined; includeInIndex = 0; };
		ECA2F0C9D8184A0B90698941 /* FBSDKCoreKit.framework */ = {isa = PBXFileReference; name = "FBSDKCoreKit.framework"; path = "cdm_client/Plugins/cordova-plugin-facebook4/FBSDKCoreKit.framework"; sourceTree = "<group>"; fileEncoding = undefined; lastKnownFileType = wrapper.framework; explicitFileType = undefined; includeInIndex = 0; };
		CFB44F065D8E4155970702A3 /* FBSDKLoginKit.framework */ = {isa = PBXFileReference; name = "FBSDKLoginKit.framework"; path = "cdm_client/Plugins/cordova-plugin-facebook4/FBSDKLoginKit.framework"; sourceTree = "<group>"; fileEncoding = undefined; lastKnownFileType = wrapper.framework; explicitFileType = undefined; includeInIndex = 0; };
		6B4BB858E6014485AA72DD77 /* FBSDKShareKit.framework */ = {isa = PBXFileReference; name = "FBSDKShareKit.framework"; path = "cdm_client/Plugins/cordova-plugin-facebook4/FBSDKShareKit.framework"; sourceTree = "<group>"; fileEncoding = undefined; lastKnownFileType = wrapper.framework; explicitFileType = undefined; includeInIndex = 0; };
		ED9D2B28C952450796B9711D /* GooglePlus.m */ = {isa = PBXFileReference; name = "GooglePlus.m"; path = "cordova-plugin-googleplus/GooglePlus.m"; sourceTree = "<group>"; fileEncoding = 4; lastKnownFileType = sourcecode.c.objc; explicitFileType = undefined; includeInIndex = 0; };
		61231C334ABE4A33B358B051 /* GooglePlus.h */ = {isa = PBXFileReference; name = "GooglePlus.h"; path = "cordova-plugin-googleplus/GooglePlus.h"; sourceTree = "<group>"; fileEncoding = 4; lastKnownFileType = sourcecode.c.h; explicitFileType = undefined; includeInIndex = 0; };
		85C1201CA2794DDDAEE4BB54 /* GoogleAppUtilities.framework */ = {isa = PBXFileReference; name = "GoogleAppUtilities.framework"; path = "cdm_client/Plugins/cordova-plugin-googleplus/GoogleAppUtilities.framework"; sourceTree = "<group>"; fileEncoding = undefined; lastKnownFileType = wrapper.framework; explicitFileType = undefined; includeInIndex = 0; };
		7FA1722EE8C348558B7D7C03 /* GoogleAuthUtilities.framework */ = {isa = PBXFileReference; name = "GoogleAuthUtilities.framework"; path = "cdm_client/Plugins/cordova-plugin-googleplus/GoogleAuthUtilities.framework"; sourceTree = "<group>"; fileEncoding = undefined; lastKnownFileType = wrapper.framework; explicitFileType = undefined; includeInIndex = 0; };
		16505D048E4147A19380EC56 /* GoogleNetworkingUtilities.framework */ = {isa = PBXFileReference; name = "GoogleNetworkingUtilities.framework"; path = "cdm_client/Plugins/cordova-plugin-googleplus/GoogleNetworkingUtilities.framework"; sourceTree = "<group>"; fileEncoding = undefined; lastKnownFileType = wrapper.framework; explicitFileType = undefined; includeInIndex = 0; };
		667B74AC3B6B4AC5802032B9 /* GoogleSignIn.framework */ = {isa = PBXFileReference; name = "GoogleSignIn.framework"; path = "cdm_client/Plugins/cordova-plugin-googleplus/GoogleSignIn.framework"; sourceTree = "<group>"; fileEncoding = undefined; lastKnownFileType = wrapper.framework; explicitFileType = undefined; includeInIndex = 0; };
		01A07795A28D4FCAAB3CA0A7 /* GoogleSymbolUtilities.framework */ = {isa = PBXFileReference; name = "GoogleSymbolUtilities.framework"; path = "cdm_client/Plugins/cordova-plugin-googleplus/GoogleSymbolUtilities.framework"; sourceTree = "<group>"; fileEncoding = undefined; lastKnownFileType = wrapper.framework; explicitFileType = undefined; includeInIndex = 0; };
		C86AE200858142B897EE86C8 /* GoogleUtilities.framework */ = {isa = PBXFileReference; name = "GoogleUtilities.framework"; path = "cdm_client/Plugins/cordova-plugin-googleplus/GoogleUtilities.framework"; sourceTree = "<group>"; fileEncoding = undefined; lastKnownFileType = wrapper.framework; explicitFileType = undefined; includeInIndex = 0; };
		20A9C86BB10D41E894D7A84E /* AddressBook.framework */ = {isa = PBXFileReference; name = "AddressBook.framework"; path = "System/Library/Frameworks/AddressBook.framework"; sourceTree = SDKROOT; fileEncoding = undefined; lastKnownFileType = wrapper.framework; explicitFileType = undefined; includeInIndex = 0; };
		A4B55A3D5D7C49769C75EFBE /* CoreText.framework */ = {isa = PBXFileReference; name = "CoreText.framework"; path = "System/Library/Frameworks/CoreText.framework"; sourceTree = SDKROOT; fileEncoding = undefined; lastKnownFileType = wrapper.framework; explicitFileType = undefined; includeInIndex = 0; };
		26D59058DD7249418036F5DB /* SafariServices.framework */ = {isa = PBXFileReference; name = "SafariServices.framework"; path = "System/Library/Frameworks/SafariServices.framework"; sourceTree = SDKROOT; fileEncoding = undefined; lastKnownFileType = wrapper.framework; explicitFileType = undefined; includeInIndex = 0; };
		1B75C25816F24762B6172098 /* Security.framework */ = {isa = PBXFileReference; name = "Security.framework"; path = "System/Library/Frameworks/Security.framework"; sourceTree = SDKROOT; fileEncoding = undefined; lastKnownFileType = wrapper.framework; explicitFileType = undefined; includeInIndex = 0; };
		1D306EF0666E4EA499BB5F2F /* SystemConfiguration.framework */ = {isa = PBXFileReference; name = "SystemConfiguration.framework"; path = "System/Library/Frameworks/SystemConfiguration.framework"; sourceTree = SDKROOT; fileEncoding = undefined; lastKnownFileType = wrapper.framework; explicitFileType = undefined; includeInIndex = 0; };
		1AD3C068BFEE42689EBB507F /* libz.dylib */ = {isa = PBXFileReference; name = "libz.dylib"; path = "usr/lib/libz.dylib"; sourceTree = SDKROOT; fileEncoding = undefined; lastKnownFileType = compiled.mach-o.dylib; explicitFileType = undefined; includeInIndex = 0; };
		5B754E36E2B44EF588E15A01 /* CDVIonicKeyboard.m */ = {isa = PBXFileReference; name = "CDVIonicKeyboard.m"; path = "cordova-plugin-ionic-keyboard/CDVIonicKeyboard.m"; sourceTree = "<group>"; fileEncoding = 4; lastKnownFileType = sourcecode.c.objc; explicitFileType = undefined; includeInIndex = 0; };
		56B350FEA5504535BF4DCFFF /* CDVIonicKeyboard.h */ = {isa = PBXFileReference; name = "CDVIonicKeyboard.h"; path = "cordova-plugin-ionic-keyboard/CDVIonicKeyboard.h"; sourceTree = "<group>"; fileEncoding = 4; lastKnownFileType = sourcecode.c.h; explicitFileType = undefined; includeInIndex = 0; };
		CCC6BF2C02A94303ABBB850C /* CDVWKWebViewEngine.m */ = {isa = PBXFileReference; name = "CDVWKWebViewEngine.m"; path = "cordova-plugin-ionic-webview/CDVWKWebViewEngine.m"; sourceTree = "<group>"; fileEncoding = 4; lastKnownFileType = sourcecode.c.objc; explicitFileType = undefined; includeInIndex = 0; };
		8E3EBF43D03D4A04821D6616 /* CDVWKWebViewUIDelegate.m */ = {isa = PBXFileReference; name = "CDVWKWebViewUIDelegate.m"; path = "cordova-plugin-ionic-webview/CDVWKWebViewUIDelegate.m"; sourceTree = "<group>"; fileEncoding = 4; lastKnownFileType = sourcecode.c.objc; explicitFileType = undefined; includeInIndex = 0; };
		E4D3DCF6E8B84441BE908FF9 /* CDVWKProcessPoolFactory.m */ = {isa = PBXFileReference; name = "CDVWKProcessPoolFactory.m"; path = "cordova-plugin-ionic-webview/CDVWKProcessPoolFactory.m"; sourceTree = "<group>"; fileEncoding = 4; lastKnownFileType = sourcecode.c.objc; explicitFileType = undefined; includeInIndex = 0; };
		2BBD174D4E534625A9973CBE /* GCDWebServer.m */ = {isa = PBXFileReference; name = "GCDWebServer.m"; path = "cordova-plugin-ionic-webview/GCDWebServer.m"; sourceTree = "<group>"; fileEncoding = 4; lastKnownFileType = sourcecode.c.objc; explicitFileType = undefined; includeInIndex = 0; };
		011BF86C77C5476C820016F8 /* GCDWebServerConnection.m */ = {isa = PBXFileReference; name = "GCDWebServerConnection.m"; path = "cordova-plugin-ionic-webview/GCDWebServerConnection.m"; sourceTree = "<group>"; fileEncoding = 4; lastKnownFileType = sourcecode.c.objc; explicitFileType = undefined; includeInIndex = 0; };
		B415D039137749D0819E1D7B /* GCDWebServerFunctions.m */ = {isa = PBXFileReference; name = "GCDWebServerFunctions.m"; path = "cordova-plugin-ionic-webview/GCDWebServerFunctions.m"; sourceTree = "<group>"; fileEncoding = 4; lastKnownFileType = sourcecode.c.objc; explicitFileType = undefined; includeInIndex = 0; };
		439DA795921C400789613FE5 /* GCDWebServerRequest.m */ = {isa = PBXFileReference; name = "GCDWebServerRequest.m"; path = "cordova-plugin-ionic-webview/GCDWebServerRequest.m"; sourceTree = "<group>"; fileEncoding = 4; lastKnownFileType = sourcecode.c.objc; explicitFileType = undefined; includeInIndex = 0; };
		49D00FC7BBDC46C78CC5BCBD /* GCDWebServerResponse.m */ = {isa = PBXFileReference; name = "GCDWebServerResponse.m"; path = "cordova-plugin-ionic-webview/GCDWebServerResponse.m"; sourceTree = "<group>"; fileEncoding = 4; lastKnownFileType = sourcecode.c.objc; explicitFileType = undefined; includeInIndex = 0; };
		67EA3BA7470B45298CE0FD95 /* GCDWebServerDataRequest.m */ = {isa = PBXFileReference; name = "GCDWebServerDataRequest.m"; path = "cordova-plugin-ionic-webview/GCDWebServerDataRequest.m"; sourceTree = "<group>"; fileEncoding = 4; lastKnownFileType = sourcecode.c.objc; explicitFileType = undefined; includeInIndex = 0; };
		D6918156644842938540F976 /* GCDWebServerFileRequest.m */ = {isa = PBXFileReference; name = "GCDWebServerFileRequest.m"; path = "cordova-plugin-ionic-webview/GCDWebServerFileRequest.m"; sourceTree = "<group>"; fileEncoding = 4; lastKnownFileType = sourcecode.c.objc; explicitFileType = undefined; includeInIndex = 0; };
		358B4D55B24E46C38DBE712F /* GCDWebServerMultiPartFormRequest.m */ = {isa = PBXFileReference; name = "GCDWebServerMultiPartFormRequest.m"; path = "cordova-plugin-ionic-webview/GCDWebServerMultiPartFormRequest.m"; sourceTree = "<group>"; fileEncoding = 4; lastKnownFileType = sourcecode.c.objc; explicitFileType = undefined; includeInIndex = 0; };
		8AD589CFAC184E08A3DC8FF2 /* GCDWebServerURLEncodedFormRequest.m */ = {isa = PBXFileReference; name = "GCDWebServerURLEncodedFormRequest.m"; path = "cordova-plugin-ionic-webview/GCDWebServerURLEncodedFormRequest.m"; sourceTree = "<group>"; fileEncoding = 4; lastKnownFileType = sourcecode.c.objc; explicitFileType = undefined; includeInIndex = 0; };
		F9CDAA8D89EA4D15AAE6FE3F /* GCDWebServerDataResponse.m */ = {isa = PBXFileReference; name = "GCDWebServerDataResponse.m"; path = "cordova-plugin-ionic-webview/GCDWebServerDataResponse.m"; sourceTree = "<group>"; fileEncoding = 4; lastKnownFileType = sourcecode.c.objc; explicitFileType = undefined; includeInIndex = 0; };
		FB9E443B81C0476D9ED8AF87 /* GCDWebServerErrorResponse.m */ = {isa = PBXFileReference; name = "GCDWebServerErrorResponse.m"; path = "cordova-plugin-ionic-webview/GCDWebServerErrorResponse.m"; sourceTree = "<group>"; fileEncoding = 4; lastKnownFileType = sourcecode.c.objc; explicitFileType = undefined; includeInIndex = 0; };
		DB507FC1E5D94341BDD67009 /* GCDWebServerFileResponse.m */ = {isa = PBXFileReference; name = "GCDWebServerFileResponse.m"; path = "cordova-plugin-ionic-webview/GCDWebServerFileResponse.m"; sourceTree = "<group>"; fileEncoding = 4; lastKnownFileType = sourcecode.c.objc; explicitFileType = undefined; includeInIndex = 0; };
		10F9CFEE67764CA2A0D5EE5B /* GCDWebServerStreamedResponse.m */ = {isa = PBXFileReference; name = "GCDWebServerStreamedResponse.m"; path = "cordova-plugin-ionic-webview/GCDWebServerStreamedResponse.m"; sourceTree = "<group>"; fileEncoding = 4; lastKnownFileType = sourcecode.c.objc; explicitFileType = undefined; includeInIndex = 0; };
		48717C1F2A9B48B68281209F /* CDVWKWebViewEngine.h */ = {isa = PBXFileReference; name = "CDVWKWebViewEngine.h"; path = "cordova-plugin-ionic-webview/CDVWKWebViewEngine.h"; sourceTree = "<group>"; fileEncoding = 4; lastKnownFileType = sourcecode.c.h; explicitFileType = undefined; includeInIndex = 0; };
		363D07917A874FE3A8B720B4 /* CDVWKWebViewUIDelegate.h */ = {isa = PBXFileReference; name = "CDVWKWebViewUIDelegate.h"; path = "cordova-plugin-ionic-webview/CDVWKWebViewUIDelegate.h"; sourceTree = "<group>"; fileEncoding = 4; lastKnownFileType = sourcecode.c.h; explicitFileType = undefined; includeInIndex = 0; };
		33517B8CB00E41659FDE4D5E /* CDVWKProcessPoolFactory.h */ = {isa = PBXFileReference; name = "CDVWKProcessPoolFactory.h"; path = "cordova-plugin-ionic-webview/CDVWKProcessPoolFactory.h"; sourceTree = "<group>"; fileEncoding = 4; lastKnownFileType = sourcecode.c.h; explicitFileType = undefined; includeInIndex = 0; };
		C9D790F0059C4E88AD9B8AEE /* GCDWebServer.h */ = {isa = PBXFileReference; name = "GCDWebServer.h"; path = "cordova-plugin-ionic-webview/GCDWebServer.h"; sourceTree = "<group>"; fileEncoding = 4; lastKnownFileType = sourcecode.c.h; explicitFileType = undefined; includeInIndex = 0; };
		AEFBD05B403A45D8BC00E36C /* GCDWebServerConnection.h */ = {isa = PBXFileReference; name = "GCDWebServerConnection.h"; path = "cordova-plugin-ionic-webview/GCDWebServerConnection.h"; sourceTree = "<group>"; fileEncoding = 4; lastKnownFileType = sourcecode.c.h; explicitFileType = undefined; includeInIndex = 0; };
		75AEB24F744B4B9EBF0C22C1 /* GCDWebServerFunctions.h */ = {isa = PBXFileReference; name = "GCDWebServerFunctions.h"; path = "cordova-plugin-ionic-webview/GCDWebServerFunctions.h"; sourceTree = "<group>"; fileEncoding = 4; lastKnownFileType = sourcecode.c.h; explicitFileType = undefined; includeInIndex = 0; };
		DA6AE00D7F1245B2A3162BFD /* GCDWebServerHTTPStatusCodes.h */ = {isa = PBXFileReference; name = "GCDWebServerHTTPStatusCodes.h"; path = "cordova-plugin-ionic-webview/GCDWebServerHTTPStatusCodes.h"; sourceTree = "<group>"; fileEncoding = 4; lastKnownFileType = sourcecode.c.h; explicitFileType = undefined; includeInIndex = 0; };
		0FD56A7830274BA69B5C0247 /* GCDWebServerPrivate.h */ = {isa = PBXFileReference; name = "GCDWebServerPrivate.h"; path = "cordova-plugin-ionic-webview/GCDWebServerPrivate.h"; sourceTree = "<group>"; fileEncoding = 4; lastKnownFileType = sourcecode.c.h; explicitFileType = undefined; includeInIndex = 0; };
		09A4F1DE14EB462289F313B9 /* GCDWebServerRequest.h */ = {isa = PBXFileReference; name = "GCDWebServerRequest.h"; path = "cordova-plugin-ionic-webview/GCDWebServerRequest.h"; sourceTree = "<group>"; fileEncoding = 4; lastKnownFileType = sourcecode.c.h; explicitFileType = undefined; includeInIndex = 0; };
		986406D4B5A64E039083FD07 /* GCDWebServerResponse.h */ = {isa = PBXFileReference; name = "GCDWebServerResponse.h"; path = "cordova-plugin-ionic-webview/GCDWebServerResponse.h"; sourceTree = "<group>"; fileEncoding = 4; lastKnownFileType = sourcecode.c.h; explicitFileType = undefined; includeInIndex = 0; };
		6BE9BFE35F3A4FE18007BD3A /* GCDWebServerDataRequest.h */ = {isa = PBXFileReference; name = "GCDWebServerDataRequest.h"; path = "cordova-plugin-ionic-webview/GCDWebServerDataRequest.h"; sourceTree = "<group>"; fileEncoding = 4; lastKnownFileType = sourcecode.c.h; explicitFileType = undefined; includeInIndex = 0; };
		C28F2926BA4D4DD6ADFB9637 /* GCDWebServerFileRequest.h */ = {isa = PBXFileReference; name = "GCDWebServerFileRequest.h"; path = "cordova-plugin-ionic-webview/GCDWebServerFileRequest.h"; sourceTree = "<group>"; fileEncoding = 4; lastKnownFileType = sourcecode.c.h; explicitFileType = undefined; includeInIndex = 0; };
		156F6D5DB09A458D956FEDFC /* GCDWebServerMultiPartFormRequest.h */ = {isa = PBXFileReference; name = "GCDWebServerMultiPartFormRequest.h"; path = "cordova-plugin-ionic-webview/GCDWebServerMultiPartFormRequest.h"; sourceTree = "<group>"; fileEncoding = 4; lastKnownFileType = sourcecode.c.h; explicitFileType = undefined; includeInIndex = 0; };
		9EE43E2E0F1E4F0EA0043BCD /* GCDWebServerURLEncodedFormRequest.h */ = {isa = PBXFileReference; name = "GCDWebServerURLEncodedFormRequest.h"; path = "cordova-plugin-ionic-webview/GCDWebServerURLEncodedFormRequest.h"; sourceTree = "<group>"; fileEncoding = 4; lastKnownFileType = sourcecode.c.h; explicitFileType = undefined; includeInIndex = 0; };
		76F1F61A5D564880AA4269DB /* GCDWebServerDataResponse.h */ = {isa = PBXFileReference; name = "GCDWebServerDataResponse.h"; path = "cordova-plugin-ionic-webview/GCDWebServerDataResponse.h"; sourceTree = "<group>"; fileEncoding = 4; lastKnownFileType = sourcecode.c.h; explicitFileType = undefined; includeInIndex = 0; };
		24FEF37457AC4342855469EA /* GCDWebServerErrorResponse.h */ = {isa = PBXFileReference; name = "GCDWebServerErrorResponse.h"; path = "cordova-plugin-ionic-webview/GCDWebServerErrorResponse.h"; sourceTree = "<group>"; fileEncoding = 4; lastKnownFileType = sourcecode.c.h; explicitFileType = undefined; includeInIndex = 0; };
		594E182282C34D809DE80B86 /* GCDWebServerFileResponse.h */ = {isa = PBXFileReference; name = "GCDWebServerFileResponse.h"; path = "cordova-plugin-ionic-webview/GCDWebServerFileResponse.h"; sourceTree = "<group>"; fileEncoding = 4; lastKnownFileType = sourcecode.c.h; explicitFileType = undefined; includeInIndex = 0; };
		43E767F722614AABB8AF5E75 /* GCDWebServerStreamedResponse.h */ = {isa = PBXFileReference; name = "GCDWebServerStreamedResponse.h"; path = "cordova-plugin-ionic-webview/GCDWebServerStreamedResponse.h"; sourceTree = "<group>"; fileEncoding = 4; lastKnownFileType = sourcecode.c.h; explicitFileType = undefined; includeInIndex = 0; };
		8AE02D6F1F2E409293BE6884 /* WebKit.framework */ = {isa = PBXFileReference; name = "WebKit.framework"; path = "System/Library/Frameworks/WebKit.framework"; sourceTree = SDKROOT; fileEncoding = undefined; lastKnownFileType = wrapper.framework; explicitFileType = undefined; includeInIndex = 0; };
		93B2CA50F52B40669EAED2B0 /* CDVConnection.m */ = {isa = PBXFileReference; name = "CDVConnection.m"; path = "cordova-plugin-network-information/CDVConnection.m"; sourceTree = "<group>"; fileEncoding = 4; lastKnownFileType = sourcecode.c.objc; explicitFileType = undefined; includeInIndex = 0; };
		DAA164BA2B5F4DEEBC989C4F /* CDVReachability.m */ = {isa = PBXFileReference; name = "CDVReachability.m"; path = "cordova-plugin-network-information/CDVReachability.m"; sourceTree = "<group>"; fileEncoding = 4; lastKnownFileType = sourcecode.c.objc; explicitFileType = undefined; includeInIndex = 0; };
		D2CB7BFD35844AA5AE1C03A1 /* CDVConnection.h */ = {isa = PBXFileReference; name = "CDVConnection.h"; path = "cordova-plugin-network-information/CDVConnection.h"; sourceTree = "<group>"; fileEncoding = 4; lastKnownFileType = sourcecode.c.h; explicitFileType = undefined; includeInIndex = 0; };
		DCBDE94135154D0D97A6339F /* CDVReachability.h */ = {isa = PBXFileReference; name = "CDVReachability.h"; path = "cordova-plugin-network-information/CDVReachability.h"; sourceTree = "<group>"; fileEncoding = 4; lastKnownFileType = sourcecode.c.h; explicitFileType = undefined; includeInIndex = 0; };
		977888C96DE24EBB9833E2BC /* CoreTelephony.framework */ = {isa = PBXFileReference; name = "CoreTelephony.framework"; path = "System/Library/Frameworks/CoreTelephony.framework"; sourceTree = SDKROOT; fileEncoding = undefined; lastKnownFileType = wrapper.framework; explicitFileType = undefined; includeInIndex = 0; };
		C5D74D3F6FCF4F90A6E67A75 /* CDVSplashScreen.m */ = {isa = PBXFileReference; name = "CDVSplashScreen.m"; path = "cordova-plugin-splashscreen/CDVSplashScreen.m"; sourceTree = "<group>"; fileEncoding = 4; lastKnownFileType = sourcecode.c.objc; explicitFileType = undefined; includeInIndex = 0; };
		7DA51DF7918C45A6B6CAC8B6 /* CDVViewController+SplashScreen.m */ = {isa = PBXFileReference; name = "CDVViewController+SplashScreen.m"; path = "cordova-plugin-splashscreen/CDVViewController+SplashScreen.m"; sourceTree = "<group>"; fileEncoding = 4; lastKnownFileType = sourcecode.c.objc; explicitFileType = undefined; includeInIndex = 0; };
		1B874B3190F54154A279B0D9 /* CDVSplashScreen.h */ = {isa = PBXFileReference; name = "CDVSplashScreen.h"; path = "cordova-plugin-splashscreen/CDVSplashScreen.h"; sourceTree = "<group>"; fileEncoding = 4; lastKnownFileType = sourcecode.c.h; explicitFileType = undefined; includeInIndex = 0; };
		070F4D75EF374D3298058EA5 /* CDVViewController+SplashScreen.h */ = {isa = PBXFileReference; name = "CDVViewController+SplashScreen.h"; path = "cordova-plugin-splashscreen/CDVViewController+SplashScreen.h"; sourceTree = "<group>"; fileEncoding = 4; lastKnownFileType = sourcecode.c.h; explicitFileType = undefined; includeInIndex = 0; };
		439544C932574A0392AB314E /* CDVStatusBar.m */ = {isa = PBXFileReference; name = "CDVStatusBar.m"; path = "cordova-plugin-statusbar/CDVStatusBar.m"; sourceTree = "<group>"; fileEncoding = 4; lastKnownFileType = sourcecode.c.objc; explicitFileType = undefined; includeInIndex = 0; };
		85F14861D8D5493690754466 /* CDVStatusBar.h */ = {isa = PBXFileReference; name = "CDVStatusBar.h"; path = "cordova-plugin-statusbar/CDVStatusBar.h"; sourceTree = "<group>"; fileEncoding = 4; lastKnownFileType = sourcecode.c.h; explicitFileType = undefined; includeInIndex = 0; };
		8FCFD03537F14D0993F22B66 /* SQLitePlugin.m */ = {isa = PBXFileReference; name = "SQLitePlugin.m"; path = "cordova-sqlite-storage/SQLitePlugin.m"; sourceTree = "<group>"; fileEncoding = 4; lastKnownFileType = sourcecode.c.objc; explicitFileType = undefined; includeInIndex = 0; };
		732643E93255458793B01A1A /* PSPDFThreadSafeMutableDictionary.m */ = {isa = PBXFileReference; name = "PSPDFThreadSafeMutableDictionary.m"; path = "cordova-sqlite-storage/PSPDFThreadSafeMutableDictionary.m"; sourceTree = "<group>"; fileEncoding = 4; lastKnownFileType = sourcecode.c.objc; explicitFileType = undefined; includeInIndex = 0; };
		148E2F52D48F4DA082625470 /* sqlite3.c */ = {isa = PBXFileReference; name = "sqlite3.c"; path = "cordova-sqlite-storage/sqlite3.c"; sourceTree = "<group>"; fileEncoding = undefined; lastKnownFileType = unknown; explicitFileType = undefined; includeInIndex = 0; };
		DE08D4763875477E80DF6A7B /* SQLitePlugin.h */ = {isa = PBXFileReference; name = "SQLitePlugin.h"; path = "cordova-sqlite-storage/SQLitePlugin.h"; sourceTree = "<group>"; fileEncoding = 4; lastKnownFileType = sourcecode.c.h; explicitFileType = undefined; includeInIndex = 0; };
		0E81D6E5A0D4410A98C25697 /* PSPDFThreadSafeMutableDictionary.h */ = {isa = PBXFileReference; name = "PSPDFThreadSafeMutableDictionary.h"; path = "cordova-sqlite-storage/PSPDFThreadSafeMutableDictionary.h"; sourceTree = "<group>"; fileEncoding = 4; lastKnownFileType = sourcecode.c.h; explicitFileType = undefined; includeInIndex = 0; };
		309E3FF539664015B09A23FE /* sqlite3.h */ = {isa = PBXFileReference; name = "sqlite3.h"; path = "cordova-sqlite-storage/sqlite3.h"; sourceTree = "<group>"; fileEncoding = 4; lastKnownFileType = sourcecode.c.h; explicitFileType = undefined; includeInIndex = 0; };
/* End PBXFileReference section */

/* Begin PBXFrameworksBuildPhase section */
		1D60588F0D05DD3D006BFB54 /* Frameworks */ = {
			isa = PBXFrameworksBuildPhase;
			buildActionMask = 2147483647;
			files = (
				301BF552109A68D80062928A /* libCordova.a in Frameworks */,
				9B3D32634711489D849B23EA /* libz.tbd in Frameworks */,
				9A3458CD2A554974A0F48AAB /* Bolts.framework in Frameworks */,
				6B5B83C4CEF24F0F9C79B375 /* FBSDKCoreKit.framework in Frameworks */,
				8D0FB456382E4BAB8E14A86E /* FBSDKLoginKit.framework in Frameworks */,
				8B38488081054DED9CE78D7F /* FBSDKShareKit.framework in Frameworks */,
				D8A36ACA896C4F0DACB94E84 /* GoogleAppUtilities.framework in Frameworks */,
				DFBC66B36E2743B6B2412A70 /* GoogleAuthUtilities.framework in Frameworks */,
				CBA4E504C8E94FF2A6F1567C /* GoogleNetworkingUtilities.framework in Frameworks */,
				D7270F1743734AE28A5CE100 /* GoogleSignIn.framework in Frameworks */,
				E16A65C675354CCD80C0ABE6 /* GoogleSymbolUtilities.framework in Frameworks */,
				19BB127A6DF8448EB88EE494 /* GoogleUtilities.framework in Frameworks */,
				ECB4205CA6F240DFADD02548 /* AddressBook.framework in Frameworks */,
				E9BF9E9C71D24B9B9DBE2D99 /* CoreText.framework in Frameworks */,
				7CFBB4524A9B4F5DAB9B571E /* SafariServices.framework in Frameworks */,
				8DE92CEFF4964AB298E40D47 /* Security.framework in Frameworks */,
				6E59A2B4067C48ED9E2D4856 /* SystemConfiguration.framework in Frameworks */,
				2E79FE4093FB4A6A93DC4475 /* libz.dylib in Frameworks */,
				3EAD2E2391684F5194C03DA3 /* WebKit.framework in Frameworks */,
				554B5CD0BCD24B9C86B8E08D /* CoreTelephony.framework in Frameworks */,
			);
			runOnlyForDeploymentPostprocessing = 0;
		};
/* End PBXFrameworksBuildPhase section */

/* Begin PBXGroup section */
		080E96DDFE201D6D7F000001 /* Classes */ = {
			isa = PBXGroup;
			children = (
				302D95EE14D2391D003F00A1 /* MainViewController.h */,
				302D95EF14D2391D003F00A1 /* MainViewController.m */,
				302D95F014D2391D003F00A1 /* MainViewController.xib */,
				1D3623240D0F684500981E51 /* AppDelegate.h */,
				1D3623250D0F684500981E51 /* AppDelegate.m */,
			);
			name = Classes;
			path = "cdm_client/Classes";
			sourceTree = SOURCE_ROOT;
		};
		19C28FACFE9D520D11CA2CBB /* Products */ = {
			isa = PBXGroup;
			children = (
				1D6058910D05DD3D006BFB54 /* cdm_client.app */,
			);
			name = Products;
			sourceTree = "<group>";
		};
		29B97314FDCFA39411CA2CEA /* CustomTemplate */ = {
			isa = PBXGroup;
			children = (
				EB87FDF41871DAF40020F90C /* config.xml */,
				EB87FDF31871DA8E0020F90C /* www */,
				EB87FDF11871DA420020F90C /* Staging */,
				301BF52D109A57CC0062928A /* CordovaLib.xcodeproj */,
				080E96DDFE201D6D7F000001 /* Classes */,
				307C750510C5A3420062BCA9 /* Plugins */,
				29B97315FDCFA39411CA2CEA /* Other Sources */,
				29B97317FDCFA39411CA2CEA /* Resources */,
				29B97323FDCFA39411CA2CEA /* Frameworks */,
				19C28FACFE9D520D11CA2CBB /* Products */,
			);
			name = CustomTemplate;
			sourceTree = "<group>";
		};
		29B97315FDCFA39411CA2CEA /* Other Sources */ = {
			isa = PBXGroup;
			children = (
				32CA4F630368D1EE00C91783 /* cdm_client-Prefix.pch */,
				29B97316FDCFA39411CA2CEA /* main.m */,
				ED33DF2A687741AEAF9F8254 /* Bridging-Header.h */,
			);
			name = "Other Sources";
			path = "cdm_client";
			sourceTree = "<group>";
		};
		29B97317FDCFA39411CA2CEA /* Resources */ = {
			isa = PBXGroup;
			children = (
				0207DA571B56EA530066E2B4 /* Images.xcassets */,
				3047A50E1AB8057F00498E2A /* config */,
				8D1107310486CEB800E47090 /* cdm_client-Info.plist */,
				6AFF5BF81D6E424B00AB3073 /* CDVLaunchScreen.storyboard */,
			);
			name = Resources;
			path = "cdm_client/Resources";
			sourceTree = "<group>";
		};
		29B97323FDCFA39411CA2CEA /* Frameworks */ = {
			isa = PBXGroup;
			children = (
				4167837644B74BB3B303C20F /* libz.tbd */,
				1B7BC54A44C44CC3A8D623E6 /* Bolts.framework */,
				ECA2F0C9D8184A0B90698941 /* FBSDKCoreKit.framework */,
				CFB44F065D8E4155970702A3 /* FBSDKLoginKit.framework */,
				6B4BB858E6014485AA72DD77 /* FBSDKShareKit.framework */,
				85C1201CA2794DDDAEE4BB54 /* GoogleAppUtilities.framework */,
				7FA1722EE8C348558B7D7C03 /* GoogleAuthUtilities.framework */,
				16505D048E4147A19380EC56 /* GoogleNetworkingUtilities.framework */,
				667B74AC3B6B4AC5802032B9 /* GoogleSignIn.framework */,
				01A07795A28D4FCAAB3CA0A7 /* GoogleSymbolUtilities.framework */,
				C86AE200858142B897EE86C8 /* GoogleUtilities.framework */,
				20A9C86BB10D41E894D7A84E /* AddressBook.framework */,
				A4B55A3D5D7C49769C75EFBE /* CoreText.framework */,
				26D59058DD7249418036F5DB /* SafariServices.framework */,
				1B75C25816F24762B6172098 /* Security.framework */,
				1D306EF0666E4EA499BB5F2F /* SystemConfiguration.framework */,
				1AD3C068BFEE42689EBB507F /* libz.dylib */,
				8AE02D6F1F2E409293BE6884 /* WebKit.framework */,
				977888C96DE24EBB9833E2BC /* CoreTelephony.framework */,
			);
			name = Frameworks;
			sourceTree = "<group>";
		};
		301BF52E109A57CC0062928A /* Products */ = {
			isa = PBXGroup;
			children = (
				301BF535109A57CC0062928A /* libCordova.a */,
			);
			name = Products;
			sourceTree = "<group>";
		};
		3047A50E1AB8057F00498E2A /* config */ = {
			isa = PBXGroup;
			children = (
				3047A50F1AB8059700498E2A /* build-debug.xcconfig */,
				3047A5101AB8059700498E2A /* build-release.xcconfig */,
				3047A5111AB8059700498E2A /* build.xcconfig */,
			);
			name = config;
			sourceTree = "<group>";
		};
		307C750510C5A3420062BCA9 /* Plugins */ = {
			isa = PBXGroup;
			children = (
				C27CF4B460C84D779582FF2E /* CDVDevice.m */,
				83380ED0F9F5421887235F1A /* CDVDevice.h */,
				02FAFD1CCCC443A2965DC693 /* FacebookConnectPlugin.m */,
				F3C24FE16277479CAAA7CCE8 /* FacebookConnectPlugin.h */,
				ED9D2B28C952450796B9711D /* GooglePlus.m */,
				61231C334ABE4A33B358B051 /* GooglePlus.h */,
				5B754E36E2B44EF588E15A01 /* CDVIonicKeyboard.m */,
				56B350FEA5504535BF4DCFFF /* CDVIonicKeyboard.h */,
				CCC6BF2C02A94303ABBB850C /* CDVWKWebViewEngine.m */,
				8E3EBF43D03D4A04821D6616 /* CDVWKWebViewUIDelegate.m */,
				E4D3DCF6E8B84441BE908FF9 /* CDVWKProcessPoolFactory.m */,
				2BBD174D4E534625A9973CBE /* GCDWebServer.m */,
				011BF86C77C5476C820016F8 /* GCDWebServerConnection.m */,
				B415D039137749D0819E1D7B /* GCDWebServerFunctions.m */,
				439DA795921C400789613FE5 /* GCDWebServerRequest.m */,
				49D00FC7BBDC46C78CC5BCBD /* GCDWebServerResponse.m */,
				67EA3BA7470B45298CE0FD95 /* GCDWebServerDataRequest.m */,
				D6918156644842938540F976 /* GCDWebServerFileRequest.m */,
				358B4D55B24E46C38DBE712F /* GCDWebServerMultiPartFormRequest.m */,
				8AD589CFAC184E08A3DC8FF2 /* GCDWebServerURLEncodedFormRequest.m */,
				F9CDAA8D89EA4D15AAE6FE3F /* GCDWebServerDataResponse.m */,
				FB9E443B81C0476D9ED8AF87 /* GCDWebServerErrorResponse.m */,
				DB507FC1E5D94341BDD67009 /* GCDWebServerFileResponse.m */,
				10F9CFEE67764CA2A0D5EE5B /* GCDWebServerStreamedResponse.m */,
				48717C1F2A9B48B68281209F /* CDVWKWebViewEngine.h */,
				363D07917A874FE3A8B720B4 /* CDVWKWebViewUIDelegate.h */,
				33517B8CB00E41659FDE4D5E /* CDVWKProcessPoolFactory.h */,
				C9D790F0059C4E88AD9B8AEE /* GCDWebServer.h */,
				AEFBD05B403A45D8BC00E36C /* GCDWebServerConnection.h */,
				75AEB24F744B4B9EBF0C22C1 /* GCDWebServerFunctions.h */,
				DA6AE00D7F1245B2A3162BFD /* GCDWebServerHTTPStatusCodes.h */,
				0FD56A7830274BA69B5C0247 /* GCDWebServerPrivate.h */,
				09A4F1DE14EB462289F313B9 /* GCDWebServerRequest.h */,
				986406D4B5A64E039083FD07 /* GCDWebServerResponse.h */,
				6BE9BFE35F3A4FE18007BD3A /* GCDWebServerDataRequest.h */,
				C28F2926BA4D4DD6ADFB9637 /* GCDWebServerFileRequest.h */,
				156F6D5DB09A458D956FEDFC /* GCDWebServerMultiPartFormRequest.h */,
				9EE43E2E0F1E4F0EA0043BCD /* GCDWebServerURLEncodedFormRequest.h */,
				76F1F61A5D564880AA4269DB /* GCDWebServerDataResponse.h */,
				24FEF37457AC4342855469EA /* GCDWebServerErrorResponse.h */,
				594E182282C34D809DE80B86 /* GCDWebServerFileResponse.h */,
				43E767F722614AABB8AF5E75 /* GCDWebServerStreamedResponse.h */,
				93B2CA50F52B40669EAED2B0 /* CDVConnection.m */,
				DAA164BA2B5F4DEEBC989C4F /* CDVReachability.m */,
				D2CB7BFD35844AA5AE1C03A1 /* CDVConnection.h */,
				DCBDE94135154D0D97A6339F /* CDVReachability.h */,
				C5D74D3F6FCF4F90A6E67A75 /* CDVSplashScreen.m */,
				7DA51DF7918C45A6B6CAC8B6 /* CDVViewController+SplashScreen.m */,
				1B874B3190F54154A279B0D9 /* CDVSplashScreen.h */,
				070F4D75EF374D3298058EA5 /* CDVViewController+SplashScreen.h */,
				439544C932574A0392AB314E /* CDVStatusBar.m */,
				85F14861D8D5493690754466 /* CDVStatusBar.h */,
				8FCFD03537F14D0993F22B66 /* SQLitePlugin.m */,
				732643E93255458793B01A1A /* PSPDFThreadSafeMutableDictionary.m */,
				148E2F52D48F4DA082625470 /* sqlite3.c */,
				DE08D4763875477E80DF6A7B /* SQLitePlugin.h */,
				0E81D6E5A0D4410A98C25697 /* PSPDFThreadSafeMutableDictionary.h */,
				309E3FF539664015B09A23FE /* sqlite3.h */,
			);
			name = Plugins;
			path = "cdm_client/Plugins";
			sourceTree = SOURCE_ROOT;
		};
		EB87FDF11871DA420020F90C /* Staging */ = {
			isa = PBXGroup;
			children = (
				F840E1F0165FE0F500CFE078 /* config.xml */,
				301BF56E109A69640062928A /* www */,
			);
			name = Staging;
			sourceTree = "<group>";
		};
/* End PBXGroup section */

/* Begin PBXNativeTarget section */
		1D6058900D05DD3D006BFB54 /* cdm_client */ = {
			isa = PBXNativeTarget;
			buildConfigurationList = 1D6058960D05DD3E006BFB54 /* Build configuration list for PBXNativeTarget "cdm_client" */;
			buildPhases = (
				304B58A110DAC018002A0835 /* Copy www directory */,
				1D60588D0D05DD3D006BFB54 /* Resources */,
				1D60588E0D05DD3D006BFB54 /* Sources */,
				1D60588F0D05DD3D006BFB54 /* Frameworks */,
			);
			buildRules = (
			);
			dependencies = (
				301BF551109A68C00062928A /* PBXTargetDependency */,
			);
			name = "cdm_client";
			productName = "cdm_client";
			productReference = 1D6058910D05DD3D006BFB54 /* cdm_client.app */;
			productType = "com.apple.product-type.application";
		};
/* End PBXNativeTarget section */

/* Begin PBXProject section */
		29B97313FDCFA39411CA2CEA /* Project object */ = {
			isa = PBXProject;
			attributes = {
				LastUpgradeCheck = 510;
			};
			buildConfigurationList = C01FCF4E08A954540054247B /* Build configuration list for PBXProject "__NON-CLI__" */;
			compatibilityVersion = "Xcode 3.2";
			developmentRegion = English;
			hasScannedForEncodings = 1;
			mainGroup = 29B97314FDCFA39411CA2CEA /* CustomTemplate */;
			projectDirPath = "";
			projectReferences = (
				{
					ProductGroup = 301BF52E109A57CC0062928A /* Products */;
					ProjectRef = 301BF52D109A57CC0062928A /* CordovaLib.xcodeproj */;
				},
			);
			projectRoot = "";
			targets = (
				1D6058900D05DD3D006BFB54 /* cdm_client */,
			);
		};
/* End PBXProject section */

/* Begin PBXReferenceProxy section */
		301BF535109A57CC0062928A /* libCordova.a */ = {
			isa = PBXReferenceProxy;
			fileType = archive.ar;
			path = libCordova.a;
			remoteRef = 301BF534109A57CC0062928A /* PBXContainerItemProxy */;
			sourceTree = BUILT_PRODUCTS_DIR;
		};
/* End PBXReferenceProxy section */

/* Begin PBXResourcesBuildPhase section */
		1D60588D0D05DD3D006BFB54 /* Resources */ = {
			isa = PBXResourcesBuildPhase;
			buildActionMask = 2147483647;
			files = (
				302D95F214D2391D003F00A1 /* MainViewController.xib in Resources */,
				0207DA581B56EA530066E2B4 /* Images.xcassets in Resources */,
				6AFF5BF91D6E424B00AB3073 /* CDVLaunchScreen.storyboard in Resources */,
			);
			runOnlyForDeploymentPostprocessing = 0;
		};
/* End PBXResourcesBuildPhase section */

/* Begin PBXShellScriptBuildPhase section */
		304B58A110DAC018002A0835 /* Copy www directory */ = {
			isa = PBXShellScriptBuildPhase;
			buildActionMask = 2147483647;
			files = (
			);
			inputPaths = (
			);
			name = "Copy www directory";
			outputPaths = (
			);
			runOnlyForDeploymentPostprocessing = 0;
			shellPath = /bin/sh;
			shellScript = "NODEJS_PATH=/usr/local/bin; NVM_NODE_PATH=~/.nvm/versions/node/`nvm version 2>/dev/null`/bin; N_NODE_PATH=`find /usr/local/n/versions/node/* -maxdepth 0 -type d 2>/dev/null | tail -1`/bin; XCODE_NODE_PATH=`xcode-select --print-path`/usr/share/xcs/Node/bin; PATH=$NODEJS_PATH:$NVM_NODE_PATH:$N_NODE_PATH:$XCODE_NODE_PATH:$PATH && node cordova/lib/copy-www-build-step.js";
			showEnvVarsInLog = 0;
		};
/* End PBXShellScriptBuildPhase section */

/* Begin PBXSourcesBuildPhase section */
		1D60588E0D05DD3D006BFB54 /* Sources */ = {
			isa = PBXSourcesBuildPhase;
			buildActionMask = 2147483647;
			files = (
				1D60589B0D05DD56006BFB54 /* main.m in Sources */,
				1D3623260D0F684500981E51 /* AppDelegate.m in Sources */,
				302D95F114D2391D003F00A1 /* MainViewController.m in Sources */,
				A9767644B3D94F20BED16B13 /* CDVDevice.m in Sources */,
				6D7E0C97859945E284B06BF0 /* FacebookConnectPlugin.m in Sources */,
				A0FEF698BBC946A590CB6133 /* GooglePlus.m in Sources */,
				AC054B2C07AB44CEAD906D5F /* CDVIonicKeyboard.m in Sources */,
				F319A9D6BA0C40AABD544BC3 /* CDVWKWebViewEngine.m in Sources */,
				4726096754344CCBBAB2E9ED /* CDVWKWebViewUIDelegate.m in Sources */,
				166C541DEC9840B99D37E9FD /* CDVWKProcessPoolFactory.m in Sources */,
				4A1FE278923F475084D7CCCD /* GCDWebServer.m in Sources */,
				207411FE57414ED69BEED522 /* GCDWebServerConnection.m in Sources */,
				3ADDAE4900974BF3BFADD0E6 /* GCDWebServerFunctions.m in Sources */,
				34BD55F2265546C080832BD5 /* GCDWebServerRequest.m in Sources */,
				D4806A384B064A9CB8EDE2BA /* GCDWebServerResponse.m in Sources */,
				D4E86FD27E1440DB936037A9 /* GCDWebServerDataRequest.m in Sources */,
				D5E75BE597544F5383FBD201 /* GCDWebServerFileRequest.m in Sources */,
				5A92565B1DC74FB5B2A54DF5 /* GCDWebServerMultiPartFormRequest.m in Sources */,
				AB67C709490943338BE16DBF /* GCDWebServerURLEncodedFormRequest.m in Sources */,
				281B1BE85B7B4AD08AAEEA4F /* GCDWebServerDataResponse.m in Sources */,
				F7E5B2608F45490E99EE00A8 /* GCDWebServerErrorResponse.m in Sources */,
				4F603D9E82984642B697190A /* GCDWebServerFileResponse.m in Sources */,
				D8F95158E5654C15B7784791 /* GCDWebServerStreamedResponse.m in Sources */,
				F4B082A19D5048E2B2CEDBAE /* CDVConnection.m in Sources */,
				7CA44F2A8F914470B21CFA87 /* CDVReachability.m in Sources */,
				0DF44007B2214437B1FF53D6 /* CDVSplashScreen.m in Sources */,
				C0A242E43A4C49E49A7E8A57 /* CDVViewController+SplashScreen.m in Sources */,
				674E1068D9724C36BDEBA7E2 /* CDVStatusBar.m in Sources */,
				1411BBE5DD8A4F1FB0E663DA /* SQLitePlugin.m in Sources */,
				640285B6CA294C2B978498EA /* PSPDFThreadSafeMutableDictionary.m in Sources */,
				04D571DBD1F040C2A5AF3E76 /* sqlite3.c in Resources */,
			);
			runOnlyForDeploymentPostprocessing = 0;
		};
/* End PBXSourcesBuildPhase section */

/* Begin PBXTargetDependency section */
		301BF551109A68C00062928A /* PBXTargetDependency */ = {
			isa = PBXTargetDependency;
			name = CordovaLib;
			targetProxy = 301BF550109A68C00062928A /* PBXContainerItemProxy */;
		};
/* End PBXTargetDependency section */

/* Begin XCBuildConfiguration section */
		1D6058940D05DD3E006BFB54 /* Debug */ = {
			isa = XCBuildConfiguration;
			baseConfigurationReference = 3047A50F1AB8059700498E2A /* build-debug.xcconfig */;
			buildSettings = {
				ALWAYS_SEARCH_USER_PATHS = NO;
				ASSETCATALOG_COMPILER_APPICON_NAME = AppIcon;
				ASSETCATALOG_COMPILER_LAUNCHIMAGE_NAME = LaunchImage;
				CLANG_ENABLE_MODULES = YES;
				CLANG_ENABLE_OBJC_ARC = YES;
				COPY_PHASE_STRIP = NO;
				GCC_DYNAMIC_NO_PIC = NO;
				GCC_OPTIMIZATION_LEVEL = 0;
				GCC_PRECOMPILE_PREFIX_HEADER = YES;
				GCC_PREFIX_HEADER = "cdm_client/cdm_client-Prefix.pch";
				GCC_THUMB_SUPPORT = NO;
				GCC_VERSION = "";
				INFOPLIST_FILE = "cdm_client/cdm_client-Info.plist";
				IPHONEOS_DEPLOYMENT_TARGET = 9.0;
				LD_RUNPATH_SEARCH_PATHS = "@executable_path/Frameworks";
				TARGETED_DEVICE_FAMILY = "1,2";
				PRODUCT_NAME = "cdm_client";
				FRAMEWORK_SEARCH_PATHS = (
					"$(inherited)",
					"\"cdm_client/Plugins/cordova-plugin-facebook4\"",
					"\"cdm_client/Plugins/cordova-plugin-facebook4\"",
					"\"cdm_client/Plugins/cordova-plugin-facebook4\"",
					"\"cdm_client/Plugins/cordova-plugin-facebook4\"",
					"\"cdm_client/Plugins/cordova-plugin-googleplus\"",
					"\"cdm_client/Plugins/cordova-plugin-googleplus\"",
					"\"cdm_client/Plugins/cordova-plugin-googleplus\"",
					"\"cdm_client/Plugins/cordova-plugin-googleplus\"",
					"\"cdm_client/Plugins/cordova-plugin-googleplus\"",
					"\"cdm_client/Plugins/cordova-plugin-googleplus\"",
				);
			};
			name = Debug;
		};
		1D6058950D05DD3E006BFB54 /* Release */ = {
			isa = XCBuildConfiguration;
			baseConfigurationReference = 3047A5101AB8059700498E2A /* build-release.xcconfig */;
			buildSettings = {
				ALWAYS_SEARCH_USER_PATHS = NO;
				ASSETCATALOG_COMPILER_APPICON_NAME = AppIcon;
				ASSETCATALOG_COMPILER_LAUNCHIMAGE_NAME = LaunchImage;
				CLANG_ENABLE_MODULES = YES;
				CLANG_ENABLE_OBJC_ARC = YES;
				COPY_PHASE_STRIP = YES;
				GCC_PRECOMPILE_PREFIX_HEADER = YES;
				GCC_PREFIX_HEADER = "cdm_client/cdm_client-Prefix.pch";
				GCC_THUMB_SUPPORT = NO;
				GCC_VERSION = "";
				INFOPLIST_FILE = "cdm_client/cdm_client-Info.plist";
				IPHONEOS_DEPLOYMENT_TARGET = 9.0;
				LD_RUNPATH_SEARCH_PATHS = "@executable_path/Frameworks";
				TARGETED_DEVICE_FAMILY = "1,2";
				PRODUCT_NAME = "cdm_client";
				FRAMEWORK_SEARCH_PATHS = (
					"$(inherited)",
					"\"cdm_client/Plugins/cordova-plugin-facebook4\"",
					"\"cdm_client/Plugins/cordova-plugin-facebook4\"",
					"\"cdm_client/Plugins/cordova-plugin-facebook4\"",
					"\"cdm_client/Plugins/cordova-plugin-facebook4\"",
					"\"cdm_client/Plugins/cordova-plugin-googleplus\"",
					"\"cdm_client/Plugins/cordova-plugin-googleplus\"",
					"\"cdm_client/Plugins/cordova-plugin-googleplus\"",
					"\"cdm_client/Plugins/cordova-plugin-googleplus\"",
					"\"cdm_client/Plugins/cordova-plugin-googleplus\"",
					"\"cdm_client/Plugins/cordova-plugin-googleplus\"",
				);
			};
			name = Release;
		};
		C01FCF4F08A954540054247B /* Debug */ = {
			isa = XCBuildConfiguration;
			baseConfigurationReference = 3047A5111AB8059700498E2A /* build.xcconfig */;
			buildSettings = {
				CLANG_ENABLE_MODULES = YES;
				CLANG_ENABLE_OBJC_ARC = YES;
				CLANG_WARN_BOOL_CONVERSION = YES;
				CLANG_WARN_CONSTANT_CONVERSION = YES;
				CLANG_WARN_EMPTY_BODY = YES;
				CLANG_WARN_ENUM_CONVERSION = YES;
				CLANG_WARN_INT_CONVERSION = YES;
				CLANG_WARN__DUPLICATE_METHOD_MATCH = YES;
				GCC_C_LANGUAGE_STANDARD = c99;
				GCC_THUMB_SUPPORT = NO;
				GCC_VERSION = "";
				GCC_WARN_ABOUT_RETURN_TYPE = YES;
				GCC_WARN_UNDECLARED_SELECTOR = YES;
				GCC_WARN_UNINITIALIZED_AUTOS = YES;
				GCC_WARN_UNUSED_FUNCTION = YES;
				GCC_WARN_UNUSED_VARIABLE = YES;
				ONLY_ACTIVE_ARCH = YES;
				SDKROOT = iphoneos;
				SKIP_INSTALL = NO;
			};
			name = Debug;
		};
		C01FCF5008A954540054247B /* Release */ = {
			isa = XCBuildConfiguration;
			baseConfigurationReference = 3047A5111AB8059700498E2A /* build.xcconfig */;
			buildSettings = {
				CLANG_ENABLE_MODULES = YES;
				CLANG_ENABLE_OBJC_ARC = YES;
				CLANG_WARN_BOOL_CONVERSION = YES;
				CLANG_WARN_CONSTANT_CONVERSION = YES;
				CLANG_WARN_EMPTY_BODY = YES;
				CLANG_WARN_ENUM_CONVERSION = YES;
				CLANG_WARN_INT_CONVERSION = YES;
				CLANG_WARN__DUPLICATE_METHOD_MATCH = YES;
				GCC_C_LANGUAGE_STANDARD = c99;
				GCC_THUMB_SUPPORT = NO;
				GCC_VERSION = "";
				GCC_WARN_ABOUT_RETURN_TYPE = YES;
				GCC_WARN_UNDECLARED_SELECTOR = YES;
				GCC_WARN_UNINITIALIZED_AUTOS = YES;
				GCC_WARN_UNUSED_FUNCTION = YES;
				GCC_WARN_UNUSED_VARIABLE = YES;
				SDKROOT = iphoneos;
				SKIP_INSTALL = NO;
			};
			name = Release;
		};
/* End XCBuildConfiguration section */

/* Begin XCConfigurationList section */
		1D6058960D05DD3E006BFB54 /* Build configuration list for PBXNativeTarget "cdm_client" */ = {
			isa = XCConfigurationList;
			buildConfigurations = (
				1D6058940D05DD3E006BFB54 /* Debug */,
				1D6058950D05DD3E006BFB54 /* Release */,
			);
			defaultConfigurationIsVisible = 0;
			defaultConfigurationName = Release;
		};
		C01FCF4E08A954540054247B /* Build configuration list for PBXProject "__NON-CLI__" */ = {
			isa = XCConfigurationList;
			buildConfigurations = (
				C01FCF4F08A954540054247B /* Debug */,
				C01FCF5008A954540054247B /* Release */,
			);
			defaultConfigurationIsVisible = 0;
			defaultConfigurationName = Release;
		};
/* End XCConfigurationList section */
	};
	rootObject = 29B97313FDCFA39411CA2CEA /* Project object */;
}
